// !$*UTF8*$!
{
	archiveVersion = 1;
	classes = {
	};
	objectVersion = 46;
	objects = {

/* Begin PBXBuildFile section */
		01025F101BF93C1C00CF5B32 /* Correct.wav in Resources */ = {isa = PBXBuildFile; fileRef = 01025F0E1BF93C1C00CF5B32 /* Correct.wav */; };
		01025F111BF93C1C00CF5B32 /* Fail.wav in Resources */ = {isa = PBXBuildFile; fileRef = 01025F0F1BF93C1C00CF5B32 /* Fail.wav */; };
		013C0B0D1EEF2D92009092D2 /* CountDownViewController.swift in Sources */ = {isa = PBXBuildFile; fileRef = 013C0B0C1EEF2D92009092D2 /* CountDownViewController.swift */; };
		0146613C1E66E102008C2410 /* GameKit.framework in Frameworks */ = {isa = PBXBuildFile; fileRef = 0146613B1E66E102008C2410 /* GameKit.framework */; };
		015466FE1EEF38E600ED375A /* GameCenterManager.swift in Sources */ = {isa = PBXBuildFile; fileRef = 015466FD1EEF38E600ED375A /* GameCenterManager.swift */; };
		015916EF1BC709C100EB03D7 /* GameViewController.swift in Sources */ = {isa = PBXBuildFile; fileRef = 015916EE1BC709C100EB03D7 /* GameViewController.swift */; };
		01A5CFDC1BCC54C6002ABBF0 /* HighScoresViewController.swift in Sources */ = {isa = PBXBuildFile; fileRef = 01A5CFDB1BCC54C6002ABBF0 /* HighScoresViewController.swift */; };
		01C9BA032092785C00FA1A85 /* Localized.strings in Resources */ = {isa = PBXBuildFile; fileRef = 01C9BA052092785C00FA1A85 /* Localized.strings */; };
		01D55A9C1F7991110039D03A /* SoundManager.swift in Sources */ = {isa = PBXBuildFile; fileRef = 01D55A9B1F7991110039D03A /* SoundManager.swift */; };
		01D55A9E1F7991200039D03A /* GameManager.swift in Sources */ = {isa = PBXBuildFile; fileRef = 01D55A9D1F7991200039D03A /* GameManager.swift */; };
		01D55AA01F79A0910039D03A /* EndGameViewController.swift in Sources */ = {isa = PBXBuildFile; fileRef = 01D55A9F1F79A0910039D03A /* EndGameViewController.swift */; };
		01D55AA31F79A60F0039D03A /* Utils.swift in Sources */ = {isa = PBXBuildFile; fileRef = 01D55AA21F79A60F0039D03A /* Utils.swift */; };
		01DAAB911BC6BBC0004C3695 /* AppDelegate.swift in Sources */ = {isa = PBXBuildFile; fileRef = 01DAAB901BC6BBC0004C3695 /* AppDelegate.swift */; };
		01DAAB931BC6BBC0004C3695 /* StartViewController.swift in Sources */ = {isa = PBXBuildFile; fileRef = 01DAAB921BC6BBC0004C3695 /* StartViewController.swift */; };
		01DAAB961BC6BBC0004C3695 /* Main.storyboard in Resources */ = {isa = PBXBuildFile; fileRef = 01DAAB941BC6BBC0004C3695 /* Main.storyboard */; };
		01DAAB981BC6BBC0004C3695 /* Assets.xcassets in Resources */ = {isa = PBXBuildFile; fileRef = 01DAAB971BC6BBC0004C3695 /* Assets.xcassets */; };
		01DAAB9B1BC6BBC0004C3695 /* LaunchScreen.storyboard in Resources */ = {isa = PBXBuildFile; fileRef = 01DAAB991BC6BBC0004C3695 /* LaunchScreen.storyboard */; };
		01F392361C1E3F5F0053B644 /* ending_sound.wav in Resources */ = {isa = PBXBuildFile; fileRef = 01F392331C1E3F5F0053B644 /* ending_sound.wav */; };
		01F392371C1E3F5F0053B644 /* navigation_button.wav in Resources */ = {isa = PBXBuildFile; fileRef = 01F392341C1E3F5F0053B644 /* navigation_button.wav */; };
		01F392381C1E3F5F0053B644 /* new_record.wav in Resources */ = {isa = PBXBuildFile; fileRef = 01F392351C1E3F5F0053B644 /* new_record.wav */; };
		01FB7FB41C18B972008937E7 /* Ubuntu-Bold.ttf in Resources */ = {isa = PBXBuildFile; fileRef = 01FB7FB31C18B972008937E7 /* Ubuntu-Bold.ttf */; };
/* End PBXBuildFile section */

/* Begin PBXFileReference section */
		01025F0E1BF93C1C00CF5B32 /* Correct.wav */ = {isa = PBXFileReference; lastKnownFileType = audio.wav; name = Correct.wav; path = Sounds/Correct.wav; sourceTree = "<group>"; };
		01025F0F1BF93C1C00CF5B32 /* Fail.wav */ = {isa = PBXFileReference; lastKnownFileType = audio.wav; name = Fail.wav; path = Sounds/Fail.wav; sourceTree = "<group>"; };
		013C0B0C1EEF2D92009092D2 /* CountDownViewController.swift */ = {isa = PBXFileReference; fileEncoding = 4; lastKnownFileType = sourcecode.swift; name = CountDownViewController.swift; path = Controllers/CountDownViewController.swift; sourceTree = "<group>"; };
		0146613B1E66E102008C2410 /* GameKit.framework */ = {isa = PBXFileReference; lastKnownFileType = wrapper.framework; name = GameKit.framework; path = System/Library/Frameworks/GameKit.framework; sourceTree = SDKROOT; };
		015466FD1EEF38E600ED375A /* GameCenterManager.swift */ = {isa = PBXFileReference; fileEncoding = 4; lastKnownFileType = sourcecode.swift; name = GameCenterManager.swift; path = Controllers/Manager/GameCenterManager.swift; sourceTree = "<group>"; };
		015916EE1BC709C100EB03D7 /* GameViewController.swift */ = {isa = PBXFileReference; fileEncoding = 4; lastKnownFileType = sourcecode.swift; name = GameViewController.swift; path = Controllers/GameViewController.swift; sourceTree = "<group>"; };
		01A5CFDB1BCC54C6002ABBF0 /* HighScoresViewController.swift */ = {isa = PBXFileReference; fileEncoding = 4; lastKnownFileType = sourcecode.swift; name = HighScoresViewController.swift; path = Controllers/HighScoresViewController.swift; sourceTree = "<group>"; };
		01C9BA042092785C00FA1A85 /* en */ = {isa = PBXFileReference; lastKnownFileType = text.plist.strings; name = en; path = en.lproj/Localized.strings; sourceTree = "<group>"; };
		01D55A9B1F7991110039D03A /* SoundManager.swift */ = {isa = PBXFileReference; lastKnownFileType = sourcecode.swift; name = SoundManager.swift; path = Controllers/Manager/SoundManager.swift; sourceTree = "<group>"; };
		01D55A9D1F7991200039D03A /* GameManager.swift */ = {isa = PBXFileReference; lastKnownFileType = sourcecode.swift; name = GameManager.swift; path = Controllers/Manager/GameManager.swift; sourceTree = "<group>"; };
		01D55A9F1F79A0910039D03A /* EndGameViewController.swift */ = {isa = PBXFileReference; lastKnownFileType = sourcecode.swift; name = EndGameViewController.swift; path = Controllers/EndGameViewController.swift; sourceTree = "<group>"; };
		01D55AA21F79A60F0039D03A /* Utils.swift */ = {isa = PBXFileReference; lastKnownFileType = sourcecode.swift; name = Utils.swift; path = Utils/Utils.swift; sourceTree = "<group>"; };
		01DAAB8D1BC6BBC0004C3695 /* FastEye.app */ = {isa = PBXFileReference; explicitFileType = wrapper.application; includeInIndex = 0; path = FastEye.app; sourceTree = BUILT_PRODUCTS_DIR; };
		01DAAB901BC6BBC0004C3695 /* AppDelegate.swift */ = {isa = PBXFileReference; lastKnownFileType = sourcecode.swift; path = AppDelegate.swift; sourceTree = "<group>"; };
		01DAAB921BC6BBC0004C3695 /* StartViewController.swift */ = {isa = PBXFileReference; lastKnownFileType = sourcecode.swift; name = StartViewController.swift; path = Controllers/StartViewController.swift; sourceTree = "<group>"; };
		01DAAB951BC6BBC0004C3695 /* Base */ = {isa = PBXFileReference; lastKnownFileType = file.storyboard; name = Base; path = Base.lproj/Main.storyboard; sourceTree = "<group>"; };
		01DAAB971BC6BBC0004C3695 /* Assets.xcassets */ = {isa = PBXFileReference; lastKnownFileType = folder.assetcatalog; path = Assets.xcassets; sourceTree = "<group>"; };
		01DAAB9A1BC6BBC0004C3695 /* Base */ = {isa = PBXFileReference; lastKnownFileType = file.storyboard; name = Base; path = Base.lproj/LaunchScreen.storyboard; sourceTree = "<group>"; };
		01DAAB9C1BC6BBC0004C3695 /* Info.plist */ = {isa = PBXFileReference; lastKnownFileType = text.plist.xml; path = Info.plist; sourceTree = "<group>"; };
		01F392331C1E3F5F0053B644 /* ending_sound.wav */ = {isa = PBXFileReference; lastKnownFileType = audio.wav; name = ending_sound.wav; path = Sounds/ending_sound.wav; sourceTree = "<group>"; };
		01F392341C1E3F5F0053B644 /* navigation_button.wav */ = {isa = PBXFileReference; lastKnownFileType = audio.wav; name = navigation_button.wav; path = Sounds/navigation_button.wav; sourceTree = "<group>"; };
		01F392351C1E3F5F0053B644 /* new_record.wav */ = {isa = PBXFileReference; lastKnownFileType = audio.wav; name = new_record.wav; path = Sounds/new_record.wav; sourceTree = "<group>"; };
		01FB7FB31C18B972008937E7 /* Ubuntu-Bold.ttf */ = {isa = PBXFileReference; lastKnownFileType = file; path = "Ubuntu-Bold.ttf"; sourceTree = "<group>"; };
/* End PBXFileReference section */

/* Begin PBXFrameworksBuildPhase section */
		01DAAB8A1BC6BBC0004C3695 /* Frameworks */ = {
			isa = PBXFrameworksBuildPhase;
			buildActionMask = 2147483647;
			files = (
				0146613C1E66E102008C2410 /* GameKit.framework in Frameworks */,
			);
			runOnlyForDeploymentPostprocessing = 0;
		};
/* End PBXFrameworksBuildPhase section */

/* Begin PBXGroup section */
		010EB89C1C072EDE007D49E0 /* View */ = {
			isa = PBXGroup;
			children = (
			);
			name = View;
			sourceTree = "<group>";
		};
		013C0B0A1EEF2AA6009092D2 /* UI */ = {
			isa = PBXGroup;
			children = (
				01DAAB941BC6BBC0004C3695 /* Main.storyboard */,
				01DAAB991BC6BBC0004C3695 /* LaunchScreen.storyboard */,
			);
			name = UI;
			sourceTree = "<group>";
		};
		013C0B0B1EEF2AB1009092D2 /* Sounds */ = {
			isa = PBXGroup;
			children = (
				01F392331C1E3F5F0053B644 /* ending_sound.wav */,
				01F392341C1E3F5F0053B644 /* navigation_button.wav */,
				01F392351C1E3F5F0053B644 /* new_record.wav */,
				01025F0E1BF93C1C00CF5B32 /* Correct.wav */,
				01025F0F1BF93C1C00CF5B32 /* Fail.wav */,
			);
			name = Sounds;
			sourceTree = "<group>";
		};
		0146613A1E66E102008C2410 /* Frameworks */ = {
			isa = PBXGroup;
			children = (
				0146613B1E66E102008C2410 /* GameKit.framework */,
			);
			name = Frameworks;
			sourceTree = "<group>";
		};
		015466FC1EEF38A600ED375A /* Manager */ = {
			isa = PBXGroup;
			children = (
				015466FD1EEF38E600ED375A /* GameCenterManager.swift */,
				01D55A9B1F7991110039D03A /* SoundManager.swift */,
				01D55A9D1F7991200039D03A /* GameManager.swift */,
			);
			name = Manager;
			sourceTree = "<group>";
		};
		019A34BB1EEDE2ED00736C8A /* Resources */ = {
			isa = PBXGroup;
			children = (
				01C9BA052092785C00FA1A85 /* Localized.strings */,
				01FB7FB31C18B972008937E7 /* Ubuntu-Bold.ttf */,
				01DAAB971BC6BBC0004C3695 /* Assets.xcassets */,
				013C0B0B1EEF2AB1009092D2 /* Sounds */,
				013C0B0A1EEF2AA6009092D2 /* UI */,
			);
			path = Resources;
			sourceTree = "<group>";
		};
		01D55AA11F79A5EC0039D03A /* Utils */ = {
			isa = PBXGroup;
			children = (
				01D55AA21F79A60F0039D03A /* Utils.swift */,
			);
			name = Utils;
			sourceTree = "<group>";
		};
		01DAAB841BC6BBC0004C3695 = {
			isa = PBXGroup;
			children = (
				01DAAB8F1BC6BBC0004C3695 /* FastEye */,
				01DAAB8E1BC6BBC0004C3695 /* Products */,
				0146613A1E66E102008C2410 /* Frameworks */,
			);
			sourceTree = "<group>";
		};
		01DAAB8E1BC6BBC0004C3695 /* Products */ = {
			isa = PBXGroup;
			children = (
				01DAAB8D1BC6BBC0004C3695 /* FastEye.app */,
			);
			name = Products;
			sourceTree = "<group>";
		};
		01DAAB8F1BC6BBC0004C3695 /* FastEye */ = {
			isa = PBXGroup;
			children = (
				01ECF20E1E6582D000BDC321 /* Controller */,
				010EB89C1C072EDE007D49E0 /* View */,
				019A34BB1EEDE2ED00736C8A /* Resources */,
				01DAAB9C1BC6BBC0004C3695 /* Info.plist */,
			);
			path = FastEye;
			sourceTree = "<group>";
		};
		01ECF20E1E6582D000BDC321 /* Controller */ = {
			isa = PBXGroup;
			children = (
				01DAAB901BC6BBC0004C3695 /* AppDelegate.swift */,
				015466FC1EEF38A600ED375A /* Manager */,
				01D55AA11F79A5EC0039D03A /* Utils */,
				01DAAB921BC6BBC0004C3695 /* StartViewController.swift */,
				015916EE1BC709C100EB03D7 /* GameViewController.swift */,
				01A5CFDB1BCC54C6002ABBF0 /* HighScoresViewController.swift */,
				013C0B0C1EEF2D92009092D2 /* CountDownViewController.swift */,
				01D55A9F1F79A0910039D03A /* EndGameViewController.swift */,
			);
			name = Controller;
			sourceTree = "<group>";
		};
/* End PBXGroup section */

/* Begin PBXNativeTarget section */
		01DAAB8C1BC6BBC0004C3695 /* FastEye */ = {
			isa = PBXNativeTarget;
			buildConfigurationList = 01DAAB9F1BC6BBC0004C3695 /* Build configuration list for PBXNativeTarget "FastEye" */;
			buildPhases = (
				01DAAB891BC6BBC0004C3695 /* Sources */,
				01DAAB8A1BC6BBC0004C3695 /* Frameworks */,
				01DAAB8B1BC6BBC0004C3695 /* Resources */,
			);
			buildRules = (
			);
			dependencies = (
			);
			name = FastEye;
			productName = FastEye;
			productReference = 01DAAB8D1BC6BBC0004C3695 /* FastEye.app */;
			productType = "com.apple.product-type.application";
		};
/* End PBXNativeTarget section */

/* Begin PBXProject section */
		01DAAB851BC6BBC0004C3695 /* Project object */ = {
			isa = PBXProject;
			attributes = {
				LastUpgradeCheck = 0930;
				ORGANIZATIONNAME = "Nicholas Allio";
				TargetAttributes = {
					01DAAB8C1BC6BBC0004C3695 = {
						CreatedOnToolsVersion = 7.0.1;
						DevelopmentTeam = 4R644JN289;
						LastSwiftMigration = "";
						ProvisioningStyle = Automatic;
						SystemCapabilities = {
							com.apple.GameCenter = {
								enabled = 1;
							};
						};
					};
				};
			};
			buildConfigurationList = 01DAAB881BC6BBC0004C3695 /* Build configuration list for PBXProject "FastEye" */;
			compatibilityVersion = "Xcode 3.2";
			developmentRegion = English;
			hasScannedForEncodings = 0;
			knownRegions = (
				en,
				Base,
			);
			mainGroup = 01DAAB841BC6BBC0004C3695;
			productRefGroup = 01DAAB8E1BC6BBC0004C3695 /* Products */;
			projectDirPath = "";
			projectRoot = "";
			targets = (
				01DAAB8C1BC6BBC0004C3695 /* FastEye */,
			);
		};
/* End PBXProject section */

/* Begin PBXResourcesBuildPhase section */
		01DAAB8B1BC6BBC0004C3695 /* Resources */ = {
			isa = PBXResourcesBuildPhase;
			buildActionMask = 2147483647;
			files = (
				01F392381C1E3F5F0053B644 /* new_record.wav in Resources */,
				01F392371C1E3F5F0053B644 /* navigation_button.wav in Resources */,
				01C9BA032092785C00FA1A85 /* Localized.strings in Resources */,
				01025F111BF93C1C00CF5B32 /* Fail.wav in Resources */,
				01DAAB9B1BC6BBC0004C3695 /* LaunchScreen.storyboard in Resources */,
				01DAAB981BC6BBC0004C3695 /* Assets.xcassets in Resources */,
				01FB7FB41C18B972008937E7 /* Ubuntu-Bold.ttf in Resources */,
				01F392361C1E3F5F0053B644 /* ending_sound.wav in Resources */,
				01DAAB961BC6BBC0004C3695 /* Main.storyboard in Resources */,
				01025F101BF93C1C00CF5B32 /* Correct.wav in Resources */,
			);
			runOnlyForDeploymentPostprocessing = 0;
		};
/* End PBXResourcesBuildPhase section */

/* Begin PBXSourcesBuildPhase section */
		01DAAB891BC6BBC0004C3695 /* Sources */ = {
			isa = PBXSourcesBuildPhase;
			buildActionMask = 2147483647;
			files = (
				015466FE1EEF38E600ED375A /* GameCenterManager.swift in Sources */,
				01A5CFDC1BCC54C6002ABBF0 /* HighScoresViewController.swift in Sources */,
				01D55AA01F79A0910039D03A /* EndGameViewController.swift in Sources */,
				01DAAB931BC6BBC0004C3695 /* StartViewController.swift in Sources */,
				015916EF1BC709C100EB03D7 /* GameViewController.swift in Sources */,
				01D55AA31F79A60F0039D03A /* Utils.swift in Sources */,
				01DAAB911BC6BBC0004C3695 /* AppDelegate.swift in Sources */,
				013C0B0D1EEF2D92009092D2 /* CountDownViewController.swift in Sources */,
				01D55A9C1F7991110039D03A /* SoundManager.swift in Sources */,
				01D55A9E1F7991200039D03A /* GameManager.swift in Sources */,
			);
			runOnlyForDeploymentPostprocessing = 0;
		};
/* End PBXSourcesBuildPhase section */

/* Begin PBXVariantGroup section */
		01C9BA052092785C00FA1A85 /* Localized.strings */ = {
			isa = PBXVariantGroup;
			children = (
				01C9BA042092785C00FA1A85 /* en */,
			);
			name = Localized.strings;
			sourceTree = "<group>";
		};
		01DAAB941BC6BBC0004C3695 /* Main.storyboard */ = {
			isa = PBXVariantGroup;
			children = (
				01DAAB951BC6BBC0004C3695 /* Base */,
			);
			name = Main.storyboard;
			path = ..;
			sourceTree = "<group>";
		};
		01DAAB991BC6BBC0004C3695 /* LaunchScreen.storyboard */ = {
			isa = PBXVariantGroup;
			children = (
				01DAAB9A1BC6BBC0004C3695 /* Base */,
			);
			name = LaunchScreen.storyboard;
			path = ..;
			sourceTree = "<group>";
		};
/* End PBXVariantGroup section */

/* Begin XCBuildConfiguration section */
		01DAAB9D1BC6BBC0004C3695 /* Debug */ = {
			isa = XCBuildConfiguration;
			buildSettings = {
				ALWAYS_SEARCH_USER_PATHS = NO;
				CLANG_ANALYZER_LOCALIZABILITY_NONLOCALIZED = YES;
				CLANG_CXX_LANGUAGE_STANDARD = "gnu++0x";
				CLANG_CXX_LIBRARY = "libc++";
				CLANG_ENABLE_MODULES = YES;
				CLANG_ENABLE_OBJC_ARC = YES;
				CLANG_WARN_BLOCK_CAPTURE_AUTORELEASING = YES;
				CLANG_WARN_BOOL_CONVERSION = YES;
				CLANG_WARN_COMMA = YES;
				CLANG_WARN_CONSTANT_CONVERSION = YES;
				CLANG_WARN_DEPRECATED_OBJC_IMPLEMENTATIONS = YES;
				CLANG_WARN_DIRECT_OBJC_ISA_USAGE = YES_ERROR;
				CLANG_WARN_EMPTY_BODY = YES;
				CLANG_WARN_ENUM_CONVERSION = YES;
				CLANG_WARN_INFINITE_RECURSION = YES;
				CLANG_WARN_INT_CONVERSION = YES;
				CLANG_WARN_NON_LITERAL_NULL_CONVERSION = YES;
				CLANG_WARN_OBJC_IMPLICIT_RETAIN_SELF = YES;
				CLANG_WARN_OBJC_LITERAL_CONVERSION = YES;
				CLANG_WARN_OBJC_ROOT_CLASS = YES_ERROR;
				CLANG_WARN_RANGE_LOOP_ANALYSIS = YES;
				CLANG_WARN_STRICT_PROTOTYPES = YES;
				CLANG_WARN_SUSPICIOUS_MOVE = YES;
				CLANG_WARN_UNREACHABLE_CODE = YES;
				CLANG_WARN__DUPLICATE_METHOD_MATCH = YES;
				"CODE_SIGN_IDENTITY[sdk=iphoneos*]" = "iPhone Developer";
				COPY_PHASE_STRIP = NO;
				DEBUG_INFORMATION_FORMAT = dwarf;
				ENABLE_STRICT_OBJC_MSGSEND = YES;
				ENABLE_TESTABILITY = YES;
				GCC_C_LANGUAGE_STANDARD = gnu99;
				GCC_DYNAMIC_NO_PIC = NO;
				GCC_NO_COMMON_BLOCKS = YES;
				GCC_OPTIMIZATION_LEVEL = 0;
				GCC_PREPROCESSOR_DEFINITIONS = (
					"DEBUG=1",
					"$(inherited)",
				);
				GCC_WARN_64_TO_32_BIT_CONVERSION = YES;
				GCC_WARN_ABOUT_RETURN_TYPE = YES_ERROR;
				GCC_WARN_UNDECLARED_SELECTOR = YES;
				GCC_WARN_UNINITIALIZED_AUTOS = YES_AGGRESSIVE;
				GCC_WARN_UNUSED_FUNCTION = YES;
				GCC_WARN_UNUSED_VARIABLE = YES;
				IPHONEOS_DEPLOYMENT_TARGET = 10.0;
				MTL_ENABLE_DEBUG_INFO = YES;
				ONLY_ACTIVE_ARCH = YES;
				SDKROOT = iphoneos;
				SWIFT_OPTIMIZATION_LEVEL = "-Onone";
			};
			name = Debug;
		};
		01DAAB9E1BC6BBC0004C3695 /* Release */ = {
			isa = XCBuildConfiguration;
			buildSettings = {
				ALWAYS_SEARCH_USER_PATHS = NO;
				CLANG_ANALYZER_LOCALIZABILITY_NONLOCALIZED = YES;
				CLANG_CXX_LANGUAGE_STANDARD = "gnu++0x";
				CLANG_CXX_LIBRARY = "libc++";
				CLANG_ENABLE_MODULES = YES;
				CLANG_ENABLE_OBJC_ARC = YES;
				CLANG_WARN_BLOCK_CAPTURE_AUTORELEASING = YES;
				CLANG_WARN_BOOL_CONVERSION = YES;
				CLANG_WARN_COMMA = YES;
				CLANG_WARN_CONSTANT_CONVERSION = YES;
				CLANG_WARN_DEPRECATED_OBJC_IMPLEMENTATIONS = YES;
				CLANG_WARN_DIRECT_OBJC_ISA_USAGE = YES_ERROR;
				CLANG_WARN_EMPTY_BODY = YES;
				CLANG_WARN_ENUM_CONVERSION = YES;
				CLANG_WARN_INFINITE_RECURSION = YES;
				CLANG_WARN_INT_CONVERSION = YES;
				CLANG_WARN_NON_LITERAL_NULL_CONVERSION = YES;
				CLANG_WARN_OBJC_IMPLICIT_RETAIN_SELF = YES;
				CLANG_WARN_OBJC_LITERAL_CONVERSION = YES;
				CLANG_WARN_OBJC_ROOT_CLASS = YES_ERROR;
				CLANG_WARN_RANGE_LOOP_ANALYSIS = YES;
				CLANG_WARN_STRICT_PROTOTYPES = YES;
				CLANG_WARN_SUSPICIOUS_MOVE = YES;
				CLANG_WARN_UNREACHABLE_CODE = YES;
				CLANG_WARN__DUPLICATE_METHOD_MATCH = YES;
				"CODE_SIGN_IDENTITY[sdk=iphoneos*]" = "iPhone Developer";
				COPY_PHASE_STRIP = NO;
				DEBUG_INFORMATION_FORMAT = "dwarf-with-dsym";
				ENABLE_NS_ASSERTIONS = NO;
				ENABLE_STRICT_OBJC_MSGSEND = YES;
				GCC_C_LANGUAGE_STANDARD = gnu99;
				GCC_NO_COMMON_BLOCKS = YES;
				GCC_WARN_64_TO_32_BIT_CONVERSION = YES;
				GCC_WARN_ABOUT_RETURN_TYPE = YES_ERROR;
				GCC_WARN_UNDECLARED_SELECTOR = YES;
				GCC_WARN_UNINITIALIZED_AUTOS = YES_AGGRESSIVE;
				GCC_WARN_UNUSED_FUNCTION = YES;
				GCC_WARN_UNUSED_VARIABLE = YES;
				IPHONEOS_DEPLOYMENT_TARGET = 10.0;
				MTL_ENABLE_DEBUG_INFO = NO;
				SDKROOT = iphoneos;
				SWIFT_OPTIMIZATION_LEVEL = "-Owholemodule";
				VALIDATE_PRODUCT = YES;
			};
			name = Release;
		};
		01DAABA01BC6BBC0004C3695 /* Debug */ = {
			isa = XCBuildConfiguration;
			buildSettings = {
				ASSETCATALOG_COMPILER_APPICON_NAME = AppIcon;
				"CODE_SIGN_IDENTITY[sdk=iphoneos*]" = "iPhone Developer";
				DEVELOPMENT_TEAM = "";
				INFOPLIST_FILE = FastEye/Info.plist;
				LD_RUNPATH_SEARCH_PATHS = "$(inherited) @executable_path/Frameworks";
				PRODUCT_BUNDLE_IDENTIFIER = nicholas.allio.FastEye;
				PRODUCT_NAME = "$(TARGET_NAME)";
				PROVISIONING_PROFILE = "";
				PROVISIONING_PROFILE_SPECIFIER = "";
				SWIFT_SWIFT3_OBJC_INFERENCE = On;
				SWIFT_VERSION = 4.0;
			};
			name = Debug;
		};
		01DAABA11BC6BBC0004C3695 /* Release */ = {
			isa = XCBuildConfiguration;
			buildSettings = {
				ASSETCATALOG_COMPILER_APPICON_NAME = AppIcon;
				CODE_SIGN_IDENTITY = "iPhone Distribution: Nicholas Allio (4R644JN289)";
				"CODE_SIGN_IDENTITY[sdk=iphoneos*]" = "iPhone Developer";
				DEVELOPMENT_TEAM = "";
				INFOPLIST_FILE = FastEye/Info.plist;
				LD_RUNPATH_SEARCH_PATHS = "$(inherited) @executable_path/Frameworks";
				PRODUCT_BUNDLE_IDENTIFIER = nicholas.allio.FastEye;
				PRODUCT_NAME = "$(TARGET_NAME)";
				PROVISIONING_PROFILE = "";
				PROVISIONING_PROFILE_SPECIFIER = "";
				SWIFT_SWIFT3_OBJC_INFERENCE = On;
				SWIFT_VERSION = 4.0;
			};
			name = Release;
		};
/* End XCBuildConfiguration section */

/* Begin XCConfigurationList section */
		01DAAB881BC6BBC0004C3695 /* Build configuration list for PBXProject "FastEye" */ = {
			isa = XCConfigurationList;
			buildConfigurations = (
				01DAAB9D1BC6BBC0004C3695 /* Debug */,
				01DAAB9E1BC6BBC0004C3695 /* Release */,
			);
			defaultConfigurationIsVisible = 0;
			defaultConfigurationName = Release;
		};
		01DAAB9F1BC6BBC0004C3695 /* Build configuration list for PBXNativeTarget "FastEye" */ = {
			isa = XCConfigurationList;
			buildConfigurations = (
				01DAABA01BC6BBC0004C3695 /* Debug */,
				01DAABA11BC6BBC0004C3695 /* Release */,
			);
			defaultConfigurationIsVisible = 0;
			defaultConfigurationName = Release;
		};
/* End XCConfigurationList section */
	};
	rootObject = 01DAAB851BC6BBC0004C3695 /* Project object */;
}
